<?xml version="1.0" encoding="utf-8"?>
<Project ToolsVersion="4.0" xmlns="http://schemas.microsoft.com/developer/msbuild/2003">
  <ItemGroup>
    <Filter Include="Source Files">
      <UniqueIdentifier>{4FC737F1-C7A5-4376-A066-2A32D752A2FF}</UniqueIdentifier>
      <Extensions>cpp;c;cc;cxx;def;odl;idl;hpj;bat;asm;asmx</Extensions>
    </Filter>
    <Filter Include="Header Files">
      <UniqueIdentifier>{93995380-89BD-4b04-88EB-625FBE52EBFB}</UniqueIdentifier>
      <Extensions>h;hh;hpp;hxx;hm;inl;inc;xsd</Extensions>
    </Filter>
    <Filter Include="Resource Files">
      <UniqueIdentifier>{67DA6AB6-F800-4c08-8B7A-83BB121AAD01}</UniqueIdentifier>
      <Extensions>rc;ico;cur;bmp;dlg;rc2;rct;bin;rgs;gif;jpg;jpeg;jpe;resx;tiff;tif;png;wav;mfcribbon-ms</Extensions>
    </Filter>
    <Filter Include="Source Files\Managers">
      <UniqueIdentifier>{3a7d7458-7351-42d9-a855-ac9eb90c763d}</UniqueIdentifier>
    </Filter>
    <Filter Include="Header Files\Constants">
      <UniqueIdentifier>{026c227d-e250-40dd-be8e-a8f112fccb8c}</UniqueIdentifier>
    </Filter>
    <Filter Include="Header Files\Scenes">
      <UniqueIdentifier>{904c6d28-772c-4f73-ac2d-7dfc4e08a317}</UniqueIdentifier>
    </Filter>
    <Filter Include="Header Files\Scenes\Menu">
      <UniqueIdentifier>{ce23ab18-122c-42b3-9fc6-2bbc7a538689}</UniqueIdentifier>
    </Filter>
    <Filter Include="Source Files\Scenes">
      <UniqueIdentifier>{b6710d71-8bc4-4616-bf3f-48c30cb5158e}</UniqueIdentifier>
    </Filter>
    <Filter Include="Source Files\Scenes\Menu">
      <UniqueIdentifier>{b84aa1dd-9ede-4d3b-a16b-8f51f63775f7}</UniqueIdentifier>
    </Filter>
    <Filter Include="Source Files\Managers\Scene">
      <UniqueIdentifier>{a5bdffb0-c0b5-44ae-8e51-0c86d3b76f45}</UniqueIdentifier>
    </Filter>
    <Filter Include="Header Files\Components">
      <UniqueIdentifier>{40adb1f8-6359-4de9-8ebb-abf03461316b}</UniqueIdentifier>
    </Filter>
    <Filter Include="Source Files\Components">
      <UniqueIdentifier>{384fc4fb-4fec-415c-b076-761fc36337b5}</UniqueIdentifier>
    </Filter>
    <Filter Include="Header Files\Systems">
      <UniqueIdentifier>{28d152ef-1651-43f9-b816-213fefd4e081}</UniqueIdentifier>
    </Filter>
    <Filter Include="Source Files\Systems">
      <UniqueIdentifier>{5bd633d9-a5f9-4099-a2f7-2bbdb20eb411}</UniqueIdentifier>
    </Filter>
    <Filter Include="Header Files\Managers">
      <UniqueIdentifier>{9fcb3d2e-604b-48f4-a54b-71e3c0a4700f}</UniqueIdentifier>
    </Filter>
    <Filter Include="Header Files\Managers\Scene">
      <UniqueIdentifier>{b10fdab2-5012-457c-84d0-07f0c255f3df}</UniqueIdentifier>
    </Filter>
  </ItemGroup>
  <ItemGroup>
    <ClCompile Include="main.cpp">
      <Filter>Source Files</Filter>
    </ClCompile>
    <ClCompile Include="Shader.cpp">
      <Filter>Source Files</Filter>
    </ClCompile>
    <ClCompile Include="Text.cpp">
      <Filter>Source Files</Filter>
    </ClCompile>
    <ClCompile Include="Renderer.cpp">
      <Filter>Source Files</Filter>
    </ClCompile>
    <ClCompile Include="Application.cpp">
      <Filter>Source Files</Filter>
    </ClCompile>
    <ClCompile Include="Font.cpp">
      <Filter>Source Files</Filter>
    </ClCompile>
    <ClCompile Include="SpriteSheet.cpp">
      <Filter>Source Files</Filter>
    </ClCompile>
    <ClCompile Include="InputManager.cpp">
      <Filter>Source Files\Managers</Filter>
    </ClCompile>
    <ClCompile Include="MainMenu.cpp">
      <Filter>Source Files\Scenes\Menu</Filter>
    </ClCompile>
    <ClCompile Include="SceneStateMachine.cpp">
      <Filter>Source Files\Managers\Scene</Filter>
    </ClCompile>
    <ClCompile Include="PickYourCharacterMenu.cpp">
      <Filter>Source Files\Scenes\Menu</Filter>
    </ClCompile>
    <ClCompile Include="OptionsMenu.cpp">
      <Filter>Source Files\Scenes\Menu</Filter>
    </ClCompile>
    <ClCompile Include="SoundsMenu.cpp">
      <Filter>Source Files\Scenes\Menu</Filter>
    </ClCompile>
    <ClCompile Include="ControlsMenu.cpp">
      <Filter>Source Files\Scenes\Menu</Filter>
    </ClCompile>
    <ClCompile Include="GameScene.cpp">
      <Filter>Source Files\Scenes</Filter>
    </ClCompile>
    <ClCompile Include="PauseMenu.cpp">
      <Filter>Source Files\Scenes\Menu</Filter>
    </ClCompile>
    <ClCompile Include="GameOver.cpp">
      <Filter>Source Files\Scenes</Filter>
    </ClCompile>
    <ClCompile Include="GameWon.cpp">
      <Filter>Source Files\Scenes</Filter>
    </ClCompile>
    <ClCompile Include="Object.cpp">
      <Filter>Source Files</Filter>
    </ClCompile>
    <ClCompile Include="C_BoxCollider.cpp">
      <Filter>Source Files\Components</Filter>
    </ClCompile>
    <ClCompile Include="C_Transform.cpp">
      <Filter>Source Files\Components</Filter>
    </ClCompile>
    <ClCompile Include="C_Collider.cpp">
      <Filter>Source Files\Components</Filter>
    </ClCompile>
    <ClCompile Include="C_Sprite.cpp">
      <Filter>Source Files\Components</Filter>
    </ClCompile>
    <ClCompile Include="S_Collidable.cpp">
      <Filter>Source Files\Systems</Filter>
    </ClCompile>
    <ClCompile Include="Bitmask.cpp">
      <Filter>Source Files\Systems</Filter>
    </ClCompile>
    <ClCompile Include="C_InstanceID.cpp">
      <Filter>Source Files\Components</Filter>
    </ClCompile>
    <ClCompile Include="ObjectCollection.cpp">
      <Filter>Source Files</Filter>
    </ClCompile>
    <ClCompile Include="S_Drawable.cpp">
      <Filter>Source Files\Systems</Filter>
    </ClCompile>
    <ClCompile Include="C_KeyboardMovement.cpp">
      <Filter>Source Files\Components</Filter>
    </ClCompile>
    <ClCompile Include="C_Velocity_ReverseVelocityWhenOutOfBounds.cpp">
      <Filter>Source Files\Components</Filter>
    </ClCompile>
    <ClCompile Include="C_PlayerLivesAndScore.cpp">
      <Filter>Source Files\Components</Filter>
    </ClCompile>
    <ClCompile Include="C_Velocity_DestroyWhenOutOfBounds.cpp">
      <Filter>Source Files\Components</Filter>
    </ClCompile>
    <ClCompile Include="C_Tag.cpp">
      <Filter>Source Files\Components</Filter>
    </ClCompile>
    <ClCompile Include="Sprite.cpp">
      <Filter>Source Files</Filter>
    </ClCompile>
    <ClCompile Include="C_RemoveObjectOnCollisionEnter.cpp">
      <Filter>Source Files\Components</Filter>
    </ClCompile>
  </ItemGroup>
  <ItemGroup>
    <ClInclude Include="InputManager.hpp">
      <Filter>Header Files\Managers</Filter>
    </ClInclude>
    <ClInclude Include="Application.hpp">
      <Filter>Header Files</Filter>
    </ClInclude>
    <ClInclude Include="Font.hpp">
      <Filter>Header Files</Filter>
    </ClInclude>
    <ClInclude Include="Renderer.hpp">
      <Filter>Header Files</Filter>
    </ClInclude>
    <ClInclude Include="Shader.hpp">
      <Filter>Header Files</Filter>
    </ClInclude>
    <ClInclude Include="SpriteSheet.hpp">
      <Filter>Header Files</Filter>
    </ClInclude>
    <ClInclude Include="Text.hpp">
      <Filter>Header Files</Filter>
    </ClInclude>
    <ClInclude Include="Configs.hpp">
      <Filter>Header Files\Constants</Filter>
    </ClInclude>
    <ClInclude Include="BindableAction.hpp">
      <Filter>Header Files\Constants</Filter>
    </ClInclude>
    <ClInclude Include="SceneStateMachine.hpp">
      <Filter>Header Files\Managers\Scene</Filter>
    </ClInclude>
    <ClInclude Include="Scene.hpp">
      <Filter>Header Files\Managers\Scene</Filter>
    </ClInclude>
    <ClInclude Include="MainMenu.hpp">
      <Filter>Header Files\Scenes\Menu</Filter>
    </ClInclude>
    <ClInclude Include="PickYourCharacterMenu.hpp">
      <Filter>Header Files\Scenes\Menu</Filter>
    </ClInclude>
    <ClInclude Include="OptionsMenu.hpp">
      <Filter>Header Files\Scenes\Menu</Filter>
    </ClInclude>
    <ClInclude Include="ControlsMenu.hpp">
      <Filter>Header Files\Scenes\Menu</Filter>
    </ClInclude>
    <ClInclude Include="GameScene.hpp">
      <Filter>Header Files\Scenes</Filter>
    </ClInclude>
    <ClInclude Include="PauseMenu.hpp">
      <Filter>Header Files\Scenes\Menu</Filter>
    </ClInclude>
    <ClInclude Include="GameOver.hpp">
      <Filter>Header Files\Scenes</Filter>
    </ClInclude>
    <ClInclude Include="GameWon.hpp">
      <Filter>Header Files\Scenes</Filter>
    </ClInclude>
    <ClInclude Include="Object.hpp">
      <Filter>Header Files</Filter>
    </ClInclude>
    <ClInclude Include="SharedContext.hpp">
      <Filter>Header Files</Filter>
    </ClInclude>
    <ClInclude Include="C_BoxCollider.hpp">
      <Filter>Header Files\Components</Filter>
    </ClInclude>
    <ClInclude Include="Component.hpp">
      <Filter>Header Files\Components</Filter>
    </ClInclude>
    <ClInclude Include="C_Collider.hpp">
      <Filter>Header Files\Components</Filter>
    </ClInclude>
    <ClInclude Include="C_Transform.hpp">
      <Filter>Header Files\Components</Filter>
    </ClInclude>
    <ClInclude Include="C_Collidable.hpp">
      <Filter>Header Files\Components</Filter>
    </ClInclude>
    <ClInclude Include="C_Sprite.hpp">
      <Filter>Header Files\Components</Filter>
    </ClInclude>
    <ClInclude Include="S_Collidable.hpp">
      <Filter>Header Files\Systems</Filter>
    </ClInclude>
    <ClInclude Include="Bitmask.hpp">
      <Filter>Header Files\Systems</Filter>
    </ClInclude>
    <ClInclude Include="C_InstanceID.hpp">
      <Filter>Header Files\Components</Filter>
    </ClInclude>
    <ClInclude Include="EnumClassHash.hpp">
      <Filter>Header Files\Systems</Filter>
    </ClInclude>
    <ClInclude Include="ComponentPairHash.hpp">
      <Filter>Header Files\Systems</Filter>
    </ClInclude>
    <ClInclude Include="ObjectCollection.hpp">
      <Filter>Header Files</Filter>
    </ClInclude>
    <ClInclude Include="S_Drawable.hpp">
      <Filter>Header Files\Systems</Filter>
    </ClInclude>
    <ClInclude Include="C_KeyboardMovement.hpp">
      <Filter>Header Files\Components</Filter>
    </ClInclude>
    <ClInclude Include="C_Velocity_ReverseVelocityWhenOutOfBounds.hpp">
      <Filter>Header Files\Components</Filter>
    </ClInclude>
    <ClInclude Include="C_PlayerLivesAndScore.hpp">
      <Filter>Header Files\Components</Filter>
    </ClInclude>
    <ClInclude Include="C_Velocity_DestroyWhenOutOfBounds.hpp">
      <Filter>Header Files\Components</Filter>
    </ClInclude>
    <ClInclude Include="C_Tag.hpp">
      <Filter>Header Files\Components</Filter>
    </ClInclude>
    <ClInclude Include="Sprite.hpp">
      <Filter>Header Files</Filter>
    </ClInclude>
    <ClInclude Include="C_RemoveObjectOnCollisionEnter.hpp">
      <Filter>Header Files\Components</Filter>
    </ClInclude>
    <ClInclude Include="Colors.hpp">
      <Filter>Header Files\Constants</Filter>
    </ClInclude>
    <ClInclude Include="SceneName.hpp">
      <Filter>Header Files\Constants</Filter>
    </ClInclude>
    <ClInclude Include="Sounds.hpp">
      <Filter>Header Files\Constants</Filter>
    </ClInclude>
  </ItemGroup>
  <ItemGroup>
    <None Include="SoundsMenu.hpp">
      <Filter>Header Files\Scenes\Menu</Filter>
    </None>
  </ItemGroup>
</Project>