<?xml version="1.0" encoding="utf-8"?>
<Project ToolsVersion="4.0" xmlns="http://schemas.microsoft.com/developer/msbuild/2003">
  <ItemGroup>
    <Filter Include="Source Files">
      <UniqueIdentifier>{4FC737F1-C7A5-4376-A066-2A32D752A2FF}</UniqueIdentifier>
      <Extensions>cpp;c;cc;cxx;def;odl;idl;hpj;bat;asm;asmx</Extensions>
    </Filter>
    <Filter Include="Header Files">
      <UniqueIdentifier>{93995380-89BD-4b04-88EB-625FBE52EBFB}</UniqueIdentifier>
      <Extensions>h;hh;hpp;hxx;hm;inl;inc;xsd</Extensions>
    </Filter>
    <Filter Include="Resource Files">
      <UniqueIdentifier>{67DA6AB6-F800-4c08-8B7A-83BB121AAD01}</UniqueIdentifier>
      <Extensions>rc;ico;cur;bmp;dlg;rc2;rct;bin;rgs;gif;jpg;jpeg;jpe;resx;tiff;tif;png;wav;mfcribbon-ms</Extensions>
    </Filter>
    <Filter Include="Header Files\Managers">
      <UniqueIdentifier>{9fcb3d2e-604b-48f4-a54b-71e3c0a4700f}</UniqueIdentifier>
    </Filter>
    <Filter Include="Source Files\Managers">
      <UniqueIdentifier>{3a7d7458-7351-42d9-a855-ac9eb90c763d}</UniqueIdentifier>
    </Filter>
    <Filter Include="Header Files\CollisionCheck">
      <UniqueIdentifier>{64505145-e5e3-454c-a211-d734886d1781}</UniqueIdentifier>
    </Filter>
    <Filter Include="Header Files\Constants">
      <UniqueIdentifier>{026c227d-e250-40dd-be8e-a8f112fccb8c}</UniqueIdentifier>
    </Filter>
    <Filter Include="Header Files\Managers\Scene">
      <UniqueIdentifier>{b10fdab2-5012-457c-84d0-07f0c255f3df}</UniqueIdentifier>
    </Filter>
    <Filter Include="Header Files\Scenes">
      <UniqueIdentifier>{904c6d28-772c-4f73-ac2d-7dfc4e08a317}</UniqueIdentifier>
    </Filter>
    <Filter Include="Header Files\Scenes\Menu">
      <UniqueIdentifier>{ce23ab18-122c-42b3-9fc6-2bbc7a538689}</UniqueIdentifier>
    </Filter>
    <Filter Include="Source Files\Scenes">
      <UniqueIdentifier>{b6710d71-8bc4-4616-bf3f-48c30cb5158e}</UniqueIdentifier>
    </Filter>
    <Filter Include="Source Files\Scenes\Menu">
      <UniqueIdentifier>{b84aa1dd-9ede-4d3b-a16b-8f51f63775f7}</UniqueIdentifier>
    </Filter>
    <Filter Include="Source Files\Managers\Scene">
      <UniqueIdentifier>{a5bdffb0-c0b5-44ae-8e51-0c86d3b76f45}</UniqueIdentifier>
    </Filter>
    <Filter Include="Source Files\CollisionCheck">
      <UniqueIdentifier>{ad8e7f1e-e9ec-4345-ab24-7c46da4989aa}</UniqueIdentifier>
    </Filter>
  </ItemGroup>
  <ItemGroup>
    <ClCompile Include="main.cpp">
      <Filter>Source Files</Filter>
    </ClCompile>
    <ClCompile Include="Player.cpp">
      <Filter>Source Files</Filter>
    </ClCompile>
    <ClCompile Include="Shader.cpp">
      <Filter>Source Files</Filter>
    </ClCompile>
    <ClCompile Include="Text.cpp">
      <Filter>Source Files</Filter>
    </ClCompile>
    <ClCompile Include="UIElementBase.cpp">
      <Filter>Source Files</Filter>
    </ClCompile>
    <ClCompile Include="Renderer.cpp">
      <Filter>Source Files</Filter>
    </ClCompile>
    <ClCompile Include="Application.cpp">
      <Filter>Source Files</Filter>
    </ClCompile>
    <ClCompile Include="Font.cpp">
      <Filter>Source Files</Filter>
    </ClCompile>
    <ClCompile Include="RenderObject.cpp">
      <Filter>Source Files</Filter>
    </ClCompile>
    <ClCompile Include="BaseGameObject.cpp">
      <Filter>Source Files</Filter>
    </ClCompile>
    <ClCompile Include="Animation.cpp">
      <Filter>Source Files</Filter>
    </ClCompile>
    <ClCompile Include="SpriteSheet.cpp">
      <Filter>Source Files</Filter>
    </ClCompile>
    <ClCompile Include="Entity.cpp">
      <Filter>Source Files</Filter>
    </ClCompile>
    <ClCompile Include="InputManager.cpp">
      <Filter>Source Files\Managers</Filter>
    </ClCompile>
    <ClCompile Include="SpriteSheetManager.cpp">
      <Filter>Source Files\Managers</Filter>
    </ClCompile>
    <ClCompile Include="UIManager.cpp">
      <Filter>Source Files\Managers</Filter>
    </ClCompile>
    <ClCompile Include="KeyBinding.cpp">
      <Filter>Source Files</Filter>
    </ClCompile>
    <ClCompile Include="checkCollision.hpp">
      <Filter>Header Files\CollisionCheck</Filter>
    </ClCompile>
    <ClCompile Include="MainMenu.cpp">
      <Filter>Source Files\Scenes\Menu</Filter>
    </ClCompile>
    <ClCompile Include="SceneStateMachine.cpp">
      <Filter>Source Files\Managers\Scene</Filter>
    </ClCompile>
    <ClCompile Include="PickYourCharacterMenu.cpp">
      <Filter>Source Files\Scenes\Menu</Filter>
    </ClCompile>
    <ClCompile Include="OptionsMenu.cpp">
      <Filter>Source Files\Scenes\Menu</Filter>
    </ClCompile>
    <ClCompile Include="SoundsMenu.cpp">
      <Filter>Source Files\Scenes\Menu</Filter>
    </ClCompile>
    <ClCompile Include="ControlsMenu.cpp">
      <Filter>Source Files\Scenes\Menu</Filter>
    </ClCompile>
    <ClCompile Include="GameScene.cpp">
      <Filter>Source Files\Scenes</Filter>
    </ClCompile>
    <ClCompile Include="PauseMenu.cpp">
      <Filter>Source Files\Scenes\Menu</Filter>
    </ClCompile>
    <ClCompile Include="checkCollision.cpp">
      <Filter>Source Files\CollisionCheck</Filter>
    </ClCompile>
    <ClCompile Include="GameOver.cpp">
      <Filter>Source Files\Scenes</Filter>
    </ClCompile>
    <ClCompile Include="GameWon.cpp">
      <Filter>Source Files\Scenes</Filter>
    </ClCompile>
  </ItemGroup>
  <ItemGroup>
    <ClInclude Include="InputManager.hpp">
      <Filter>Header Files\Managers</Filter>
    </ClInclude>
    <ClInclude Include="SpriteSheetManager.hpp">
      <Filter>Header Files\Managers</Filter>
    </ClInclude>
    <ClInclude Include="Animation.hpp">
      <Filter>Header Files</Filter>
    </ClInclude>
    <ClInclude Include="Application.hpp">
      <Filter>Header Files</Filter>
    </ClInclude>
    <ClInclude Include="BaseGameObject.hpp">
      <Filter>Header Files</Filter>
    </ClInclude>
    <ClInclude Include="Entity.hpp">
      <Filter>Header Files</Filter>
    </ClInclude>
    <ClInclude Include="Font.hpp">
      <Filter>Header Files</Filter>
    </ClInclude>
    <ClInclude Include="Player.hpp">
      <Filter>Header Files</Filter>
    </ClInclude>
    <ClInclude Include="Renderer.hpp">
      <Filter>Header Files</Filter>
    </ClInclude>
    <ClInclude Include="RenderObject.hpp">
      <Filter>Header Files</Filter>
    </ClInclude>
    <ClInclude Include="Shader.hpp">
      <Filter>Header Files</Filter>
    </ClInclude>
    <ClInclude Include="SpriteSheet.hpp">
      <Filter>Header Files</Filter>
    </ClInclude>
    <ClInclude Include="Text.hpp">
      <Filter>Header Files</Filter>
    </ClInclude>
    <ClInclude Include="UIElementBase.hpp">
      <Filter>Header Files</Filter>
    </ClInclude>
    <ClInclude Include="UIManager.hpp">
      <Filter>Header Files\Managers</Filter>
    </ClInclude>
    <ClInclude Include="KeyBinding.hpp">
      <Filter>Header Files</Filter>
    </ClInclude>
    <ClInclude Include="FileConstants.hpp">
      <Filter>Header Files\Constants</Filter>
    </ClInclude>
    <ClInclude Include="ScientificConstants.hpp">
      <Filter>Header Files\Constants</Filter>
    </ClInclude>
    <ClInclude Include="BindableActions.hpp">
      <Filter>Header Files\Constants</Filter>
    </ClInclude>
    <ClInclude Include="SceneStateMachine.hpp">
      <Filter>Header Files\Managers\Scene</Filter>
    </ClInclude>
    <ClInclude Include="Scene.hpp">
      <Filter>Header Files\Managers\Scene</Filter>
    </ClInclude>
    <ClInclude Include="ScenesEnum.hpp">
      <Filter>Header Files\Managers\Scene</Filter>
    </ClInclude>
    <ClInclude Include="MainMenu.hpp">
      <Filter>Header Files\Scenes\Menu</Filter>
    </ClInclude>
    <ClInclude Include="PickYourCharacterMenu.hpp">
      <Filter>Header Files\Scenes\Menu</Filter>
    </ClInclude>
    <ClInclude Include="OptionsMenu.hpp">
      <Filter>Header Files\Scenes\Menu</Filter>
    </ClInclude>
    <ClInclude Include="ControlsMenu.hpp">
      <Filter>Header Files\Scenes\Menu</Filter>
    </ClInclude>
    <ClInclude Include="GameScene.hpp">
      <Filter>Header Files\Scenes</Filter>
    </ClInclude>
    <ClInclude Include="PauseMenu.hpp">
      <Filter>Header Files\Scenes\Menu</Filter>
    </ClInclude>
    <ClInclude Include="GameOver.hpp">
      <Filter>Header Files\Scenes</Filter>
    </ClInclude>
    <ClInclude Include="GameWon.hpp">
      <Filter>Header Files\Scenes</Filter>
    </ClInclude>
  </ItemGroup>
  <ItemGroup>
    <None Include="SoundsMenu.hpp">
      <Filter>Header Files\Scenes\Menu</Filter>
    </None>
  </ItemGroup>
</Project>